
Microsoft Visual Studio Solution File, Format Version 12.00
# Visual Studio 15
VisualStudioVersion = 15.0.27703.2035
MinimumVisualStudioVersion = 10.0.40219.1
Project("{9A19103F-16F7-4668-BE54-9A1E7A4F7556}") = "Abbotware.Interop.NUnit.Tests", "Abbotware.Interop.NUnit.Tests\Abbotware.Interop.NUnit.Tests.csproj", "{F7B4F1BB-A6E6-4A27-B462-9993C2C9C87B}"
EndProject
Project("{9A19103F-16F7-4668-BE54-9A1E7A4F7556}") = "Abbotware.Interop.NUnit", "Abbotware.Interop.NUnit\Abbotware.Interop.NUnit.csproj", "{300CF59D-865D-44CF-AF70-FDF0DEE3D63A}"
EndProject
Global
	GlobalSection(SolutionConfigurationPlatforms) = preSolution
		Debug|Any CPU = Debug|Any CPU
		Release|Any CPU = Release|Any CPU
	EndGlobalSection
	GlobalSection(ProjectConfigurationPlatforms) = postSolution
		{F7B4F1BB-A6E6-4A27-B462-9993C2C9C87B}.Debug|Any CPU.ActiveCfg = Debug|Any CPU
		{F7B4F1BB-A6E6-4A27-B462-9993C2C9C87B}.Debug|Any CPU.Build.0 = Debug|Any CPU
		{F7B4F1BB-A6E6-4A27-B462-9993C2C9C87B}.Release|Any CPU.ActiveCfg = Release|Any CPU
		{F7B4F1BB-A6E6-4A27-B462-9993C2C9C87B}.Release|Any CPU.Build.0 = Release|Any CPU
		{300CF59D-865D-44CF-AF70-FDF0DEE3D63A}.Debug|Any CPU.ActiveCfg = Debug|Any CPU
		{300CF59D-865D-44CF-AF70-FDF0DEE3D63A}.Debug|Any CPU.Build.0 = Debug|Any CPU
		{300CF59D-865D-44CF-AF70-FDF0DEE3D63A}.Release|Any CPU.ActiveCfg = Release|Any CPU
		{300CF59D-865D-44CF-AF70-FDF0DEE3D63A}.Release|Any CPU.Build.0 = Release|Any CPU
	EndGlobalSection
	GlobalSection(SolutionProperties) = preSolution
		HideSolutionNode = FALSE
	EndGlobalSection
	GlobalSection(ExtensibilityGlobals) = postSolution
		SolutionGuid = {1930D34E-7B16-43F5-9624-DF87BA41B375}
	EndGlobalSection
EndGlobal
